
Microsoft Visual Studio Solution File, Format Version 12.00
# Visual Studio Version 17
VisualStudioVersion = 17.2.32519.379
MinimumVisualStudioVersion = 10.0.40219.1
Project("{FAE04EC0-301F-11D3-BF4B-00C04F79EFBC}") = "OefOpASPMvc", "OefOpASPMvc\OefOpASPMvc.csproj", "{5A0F9743-FF63-4207-AF25-59146C3A5E60}"
EndProject
Project("{FAE04EC0-301F-11D3-BF4B-00C04F79EFBC}") = "Infrastructuur", "Infrastructuur\Infrastructuur.csproj", "{0FA53A23-5D40-45F5-8BF2-0DE8B13EDAF1}"
EndProject
Global
	GlobalSection(SolutionConfigurationPlatforms) = preSolution
		Debug|Any CPU = Debug|Any CPU
		Release|Any CPU = Release|Any CPU
	EndGlobalSection
	GlobalSection(ProjectConfigurationPlatforms) = postSolution
		{5A0F9743-FF63-4207-AF25-59146C3A5E60}.Debug|Any CPU.ActiveCfg = Debug|Any CPU
		{5A0F9743-FF63-4207-AF25-59146C3A5E60}.Debug|Any CPU.Build.0 = Debug|Any CPU
		{5A0F9743-FF63-4207-AF25-59146C3A5E60}.Release|Any CPU.ActiveCfg = Release|Any CPU
		{5A0F9743-FF63-4207-AF25-59146C3A5E60}.Release|Any CPU.Build.0 = Release|Any CPU
		{0FA53A23-5D40-45F5-8BF2-0DE8B13EDAF1}.Debug|Any CPU.ActiveCfg = Debug|Any CPU
		{0FA53A23-5D40-45F5-8BF2-0DE8B13EDAF1}.Debug|Any CPU.Build.0 = Debug|Any CPU
		{0FA53A23-5D40-45F5-8BF2-0DE8B13EDAF1}.Release|Any CPU.ActiveCfg = Release|Any CPU
		{0FA53A23-5D40-45F5-8BF2-0DE8B13EDAF1}.Release|Any CPU.Build.0 = Release|Any CPU
	EndGlobalSection
	GlobalSection(SolutionProperties) = preSolution
		HideSolutionNode = FALSE
	EndGlobalSection
	GlobalSection(ExtensibilityGlobals) = postSolution
		SolutionGuid = {53DB1B95-89F6-40D1-BF02-E0C05357089E}
	EndGlobalSection
EndGlobal
